// !$*UTF8*$!
{
	archiveVersion = 1;
	classes = {
	};
	objectVersion = 77;
	objects = {

/* Begin PBXContainerItemProxy section */
		869030DD2DFACB13002CB692 /* PBXContainerItemProxy */ = {
			isa = PBXContainerItemProxy;
			containerPortal = 869030C42DFACB0F002CB692 /* Project object */;
			proxyType = 1;
			remoteGlobalIDString = 869030CB2DFACB0F002CB692;
			remoteInfo = "AR-Demo";
		};
		869030E72DFACB13002CB692 /* PBXContainerItemProxy */ = {
			isa = PBXContainerItemProxy;
			containerPortal = 869030C42DFACB0F002CB692 /* Project object */;
			proxyType = 1;
			remoteGlobalIDString = 869030CB2DFACB0F002CB692;
			remoteInfo = "AR-Demo";
		};
/* End PBXContainerItemProxy section */

/* Begin PBXFileReference section */
		869030CC2DFACB0F002CB692 /* AR-Demo.app */ = {isa = PBXFileReference; explicitFileType = wrapper.application; includeInIndex = 0; path = "AR-Demo.app"; sourceTree = BUILT_PRODUCTS_DIR; };
		869030DC2DFACB13002CB692 /* AR-DemoTests.xctest */ = {isa = PBXFileReference; explicitFileType = wrapper.cfbundle; includeInIndex = 0; path = "AR-DemoTests.xctest"; sourceTree = BUILT_PRODUCTS_DIR; };
		869030E62DFACB13002CB692 /* AR-DemoUITests.xctest */ = {isa = PBXFileReference; explicitFileType = wrapper.cfbundle; includeInIndex = 0; path = "AR-DemoUITests.xctest"; sourceTree = BUILT_PRODUCTS_DIR; };
/* End PBXFileReference section */

/* Begin PBXFileSystemSynchronizedRootGroup section */
		869030CE2DFACB0F002CB692 /* AR-Demo */ = {
			isa = PBXFileSystemSynchronizedRootGroup;
			path = "AR-Demo";
			sourceTree = "<group>";
		};
		869030DF2DFACB13002CB692 /* AR-DemoTests */ = {
			isa = PBXFileSystemSynchronizedRootGroup;
			path = "AR-DemoTests";
			sourceTree = "<group>";
		};
		869030E92DFACB13002CB692 /* AR-DemoUITests */ = {
			isa = PBXFileSystemSynchronizedRootGroup;
			path = "AR-DemoUITests";
			sourceTree = "<group>";
		};
/* End PBXFileSystemSynchronizedRootGroup section */

/* Begin PBXFrameworksBuildPhase section */
		869030C92DFACB0F002CB692 /* Frameworks */ = {
			isa = PBXFrameworksBuildPhase;
			buildActionMask = 2147483647;
			files = (
			);
			runOnlyForDeploymentPostprocessing = 0;
		};
		869030D92DFACB13002CB692 /* Frameworks */ = {
			isa = PBXFrameworksBuildPhase;
			buildActionMask = 2147483647;
			files = (
			);
			runOnlyForDeploymentPostprocessing = 0;
		};
		869030E32DFACB13002CB692 /* Frameworks */ = {
			isa = PBXFrameworksBuildPhase;
			buildActionMask = 2147483647;
			files = (
			);
			runOnlyForDeploymentPostprocessing = 0;
		};
/* End PBXFrameworksBuildPhase section */

/* Begin PBXGroup section */
		869030C32DFACB0F002CB692 = {
			isa = PBXGroup;
			children = (
				869030CE2DFACB0F002CB692 /* AR-Demo */,
				869030DF2DFACB13002CB692 /* AR-DemoTests */,
				869030E92DFACB13002CB692 /* AR-DemoUITests */,
				869030CD2DFACB0F002CB692 /* Products */,
			);
			sourceTree = "<group>";
		};
		869030CD2DFACB0F002CB692 /* Products */ = {
			isa = PBXGroup;
			children = (
				869030CC2DFACB0F002CB692 /* AR-Demo.app */,
				869030DC2DFACB13002CB692 /* AR-DemoTests.xctest */,
				869030E62DFACB13002CB692 /* AR-DemoUITests.xctest */,
			);
			name = Products;
			sourceTree = "<group>";
		};
/* End PBXGroup section */

/* Begin PBXNativeTarget section */
		869030CB2DFACB0F002CB692 /* AR-Demo */ = {
			isa = PBXNativeTarget;
			buildConfigurationList = 869030F02DFACB13002CB692 /* Build configuration list for PBXNativeTarget "AR-Demo" */;
			buildPhases = (
				869030C82DFACB0F002CB692 /* Sources */,
				869030C92DFACB0F002CB692 /* Frameworks */,
				869030CA2DFACB0F002CB692 /* Resources */,
			);
			buildRules = (
			);
			dependencies = (
			);
			fileSystemSynchronizedGroups = (
				869030CE2DFACB0F002CB692 /* AR-Demo */,
			);
			name = "AR-Demo";
			packageProductDependencies = (
			);
			productName = "AR-Demo";
			productReference = 869030CC2DFACB0F002CB692 /* AR-Demo.app */;
			productType = "com.apple.product-type.application";
		};
		869030DB2DFACB13002CB692 /* AR-DemoTests */ = {
			isa = PBXNativeTarget;
			buildConfigurationList = 869030F32DFACB13002CB692 /* Build configuration list for PBXNativeTarget "AR-DemoTests" */;
			buildPhases = (
				869030D82DFACB13002CB692 /* Sources */,
				869030D92DFACB13002CB692 /* Frameworks */,
				869030DA2DFACB13002CB692 /* Resources */,
			);
			buildRules = (
			);
			dependencies = (
				869030DE2DFACB13002CB692 /* PBXTargetDependency */,
			);
			fileSystemSynchronizedGroups = (
				869030DF2DFACB13002CB692 /* AR-DemoTests */,
			);
			name = "AR-DemoTests";
			packageProductDependencies = (
			);
			productName = "AR-DemoTests";
			productReference = 869030DC2DFACB13002CB692 /* AR-DemoTests.xctest */;
			productType = "com.apple.product-type.bundle.unit-test";
		};
		869030E52DFACB13002CB692 /* AR-DemoUITests */ = {
			isa = PBXNativeTarget;
			buildConfigurationList = 869030F62DFACB13002CB692 /* Build configuration list for PBXNativeTarget "AR-DemoUITests" */;
			buildPhases = (
				869030E22DFACB13002CB692 /* Sources */,
				869030E32DFACB13002CB692 /* Frameworks */,
				869030E42DFACB13002CB692 /* Resources */,
			);
			buildRules = (
			);
			dependencies = (
				869030E82DFACB13002CB692 /* PBXTargetDependency */,
			);
			fileSystemSynchronizedGroups = (
				869030E92DFACB13002CB692 /* AR-DemoUITests */,
			);
			name = "AR-DemoUITests";
			packageProductDependencies = (
			);
			productName = "AR-DemoUITests";
			productReference = 869030E62DFACB13002CB692 /* AR-DemoUITests.xctest */;
			productType = "com.apple.product-type.bundle.ui-testing";
		};
/* End PBXNativeTarget section */

/* Begin PBXProject section */
		869030C42DFACB0F002CB692 /* Project object */ = {
			isa = PBXProject;
			attributes = {
				BuildIndependentTargetsInParallel = 1;
				LastSwiftUpdateCheck = 1620;
				LastUpgradeCheck = 1620;
				TargetAttributes = {
					869030CB2DFACB0F002CB692 = {
						CreatedOnToolsVersion = 16.2;
					};
					869030DB2DFACB13002CB692 = {
						CreatedOnToolsVersion = 16.2;
						TestTargetID = 869030CB2DFACB0F002CB692;
					};
					869030E52DFACB13002CB692 = {
						CreatedOnToolsVersion = 16.2;
						TestTargetID = 869030CB2DFACB0F002CB692;
					};
				};
			};
			buildConfigurationList = 869030C72DFACB0F002CB692 /* Build configuration list for PBXProject "AR-Demo" */;
			developmentRegion = en;
			hasScannedForEncodings = 0;
			knownRegions = (
				en,
				Base,
			);
			mainGroup = 869030C32DFACB0F002CB692;
			minimizedProjectReferenceProxies = 1;
			preferredProjectObjectVersion = 77;
			productRefGroup = 869030CD2DFACB0F002CB692 /* Products */;
			projectDirPath = "";
			projectRoot = "";
			targets = (
				869030CB2DFACB0F002CB692 /* AR-Demo */,
				869030DB2DFACB13002CB692 /* AR-DemoTests */,
				869030E52DFACB13002CB692 /* AR-DemoUITests */,
			);
		};
/* End PBXProject section */

/* Begin PBXResourcesBuildPhase section */
		869030CA2DFACB0F002CB692 /* Resources */ = {
			isa = PBXResourcesBuildPhase;
			buildActionMask = 2147483647;
			files = (
			);
			runOnlyForDeploymentPostprocessing = 0;
		};
		869030DA2DFACB13002CB692 /* Resources */ = {
			isa = PBXResourcesBuildPhase;
			buildActionMask = 2147483647;
			files = (
			);
			runOnlyForDeploymentPostprocessing = 0;
		};
		869030E42DFACB13002CB692 /* Resources */ = {
			isa = PBXResourcesBuildPhase;
			buildActionMask = 2147483647;
			files = (
			);
			runOnlyForDeploymentPostprocessing = 0;
		};
/* End PBXResourcesBuildPhase section */

/* Begin PBXSourcesBuildPhase section */
		869030C82DFACB0F002CB692 /* Sources */ = {
			isa = PBXSourcesBuildPhase;
			buildActionMask = 2147483647;
			files = (
			);
			runOnlyForDeploymentPostprocessing = 0;
		};
		869030D82DFACB13002CB692 /* Sources */ = {
			isa = PBXSourcesBuildPhase;
			buildActionMask = 2147483647;
			files = (
			);
			runOnlyForDeploymentPostprocessing = 0;
		};
		869030E22DFACB13002CB692 /* Sources */ = {
			isa = PBXSourcesBuildPhase;
			buildActionMask = 2147483647;
			files = (
			);
			runOnlyForDeploymentPostprocessing = 0;
		};
/* End PBXSourcesBuildPhase section */

/* Begin PBXTargetDependency section */
		869030DE2DFACB13002CB692 /* PBXTargetDependency */ = {
			isa = PBXTargetDependency;
			target = 869030CB2DFACB0F002CB692 /* AR-Demo */;
			targetProxy = 869030DD2DFACB13002CB692 /* PBXContainerItemProxy */;
		};
		869030E82DFACB13002CB692 /* PBXTargetDependency */ = {
			isa = PBXTargetDependency;
			target = 869030CB2DFACB0F002CB692 /* AR-Demo */;
			targetProxy = 869030E72DFACB13002CB692 /* PBXContainerItemProxy */;
		};
/* End PBXTargetDependency section */

/* Begin XCBuildConfiguration section */
		869030EE2DFACB13002CB692 /* Debug */ = {
			isa = XCBuildConfiguration;
			buildSettings = {
				ALWAYS_SEARCH_USER_PATHS = NO;
				ASSETCATALOG_COMPILER_GENERATE_SWIFT_ASSET_SYMBOL_EXTENSIONS = YES;
				CLANG_ANALYZER_NONNULL = YES;
				CLANG_ANALYZER_NUMBER_OBJECT_CONVERSION = YES_AGGRESSIVE;
				CLANG_CXX_LANGUAGE_STANDARD = "gnu++20";
				CLANG_ENABLE_MODULES = YES;
				CLANG_ENABLE_OBJC_ARC = YES;
				CLANG_ENABLE_OBJC_WEAK = YES;
				CLANG_WARN_BLOCK_CAPTURE_AUTORELEASING = YES;
				CLANG_WARN_BOOL_CONVERSION = YES;
				CLANG_WARN_COMMA = YES;
				CLANG_WARN_CONSTANT_CONVERSION = YES;
				CLANG_WARN_DEPRECATED_OBJC_IMPLEMENTATIONS = YES;
				CLANG_WARN_DIRECT_OBJC_ISA_USAGE = YES_ERROR;
				CLANG_WARN_DOCUMENTATION_COMMENTS = YES;
				CLANG_WARN_EMPTY_BODY = YES;
				CLANG_WARN_ENUM_CONVERSION = YES;
				CLANG_WARN_INFINITE_RECURSION = YES;
				CLANG_WARN_INT_CONVERSION = YES;
				CLANG_WARN_NON_LITERAL_NULL_CONVERSION = YES;
				CLANG_WARN_OBJC_IMPLICIT_RETAIN_SELF = YES;
				CLANG_WARN_OBJC_LITERAL_CONVERSION = YES;
				CLANG_WARN_OBJC_ROOT_CLASS = YES_ERROR;
				CLANG_WARN_QUOTED_INCLUDE_IN_FRAMEWORK_HEADER = YES;
				CLANG_WARN_RANGE_LOOP_ANALYSIS = YES;
				CLANG_WARN_STRICT_PROTOTYPES = YES;
				CLANG_WARN_SUSPICIOUS_MOVE = YES;
				CLANG_WARN_UNGUARDED_AVAILABILITY = YES_AGGRESSIVE;
				CLANG_WARN_UNREACHABLE_CODE = YES;
				CLANG_WARN__DUPLICATE_METHOD_MATCH = YES;
				COPY_PHASE_STRIP = NO;
				DEBUG_INFORMATION_FORMAT = dwarf;
				ENABLE_STRICT_OBJC_MSGSEND = YES;
				ENABLE_TESTABILITY = YES;
				ENABLE_USER_SCRIPT_SANDBOXING = YES;
				GCC_C_LANGUAGE_STANDARD = gnu17;
				GCC_DYNAMIC_NO_PIC = NO;
				GCC_NO_COMMON_BLOCKS = YES;
				GCC_OPTIMIZATION_LEVEL = 0;
				GCC_PREPROCESSOR_DEFINITIONS = (
					"DEBUG=1",
					"$(inherited)",
				);
				GCC_WARN_64_TO_32_BIT_CONVERSION = YES;
				GCC_WARN_ABOUT_RETURN_TYPE = YES_ERROR;
				GCC_WARN_UNDECLARED_SELECTOR = YES;
				GCC_WARN_UNINITIALIZED_AUTOS = YES_AGGRESSIVE;
				GCC_WARN_UNUSED_FUNCTION = YES;
				GCC_WARN_UNUSED_VARIABLE = YES;
				IPHONEOS_DEPLOYMENT_TARGET = 18.2;
				LOCALIZATION_PREFERS_STRING_CATALOGS = YES;
				MTL_ENABLE_DEBUG_INFO = INCLUDE_SOURCE;
				MTL_FAST_MATH = YES;
				ONLY_ACTIVE_ARCH = YES;
				SDKROOT = iphoneos;
				SWIFT_ACTIVE_COMPILATION_CONDITIONS = "DEBUG $(inherited)";
				SWIFT_OPTIMIZATION_LEVEL = "-Onone";
			};
			name = Debug;
		};
		869030EF2DFACB13002CB692 /* Release */ = {
			isa = XCBuildConfiguration;
			buildSettings = {
				ALWAYS_SEARCH_USER_PATHS = NO;
				ASSETCATALOG_COMPILER_GENERATE_SWIFT_ASSET_SYMBOL_EXTENSIONS = YES;
				CLANG_ANALYZER_NONNULL = YES;
				CLANG_ANALYZER_NUMBER_OBJECT_CONVERSION = YES_AGGRESSIVE;
				CLANG_CXX_LANGUAGE_STANDARD = "gnu++20";
				CLANG_ENABLE_MODULES = YES;
				CLANG_ENABLE_OBJC_ARC = YES;
				CLANG_ENABLE_OBJC_WEAK = YES;
				CLANG_WARN_BLOCK_CAPTURE_AUTORELEASING = YES;
				CLANG_WARN_BOOL_CONVERSION = YES;
				CLANG_WARN_COMMA = YES;
				CLANG_WARN_CONSTANT_CONVERSION = YES;
				CLANG_WARN_DEPRECATED_OBJC_IMPLEMENTATIONS = YES;
				CLANG_WARN_DIRECT_OBJC_ISA_USAGE = YES_ERROR;
				CLANG_WARN_DOCUMENTATION_COMMENTS = YES;
				CLANG_WARN_EMPTY_BODY = YES;
				CLANG_WARN_ENUM_CONVERSION = YES;
				CLANG_WARN_INFINITE_RECURSION = YES;
				CLANG_WARN_INT_CONVERSION = YES;
				CLANG_WARN_NON_LITERAL_NULL_CONVERSION = YES;
				CLANG_WARN_OBJC_IMPLICIT_RETAIN_SELF = YES;
				CLANG_WARN_OBJC_LITERAL_CONVERSION = YES;
				CLANG_WARN_OBJC_ROOT_CLASS = YES_ERROR;
				CLANG_WARN_QUOTED_INCLUDE_IN_FRAMEWORK_HEADER = YES;
				CLANG_WARN_RANGE_LOOP_ANALYSIS = YES;
				CLANG_WARN_STRICT_PROTOTYPES = YES;
				CLANG_WARN_SUSPICIOUS_MOVE = YES;
				CLANG_WARN_UNGUARDED_AVAILABILITY = YES_AGGRESSIVE;
				CLANG_WARN_UNREACHABLE_CODE = YES;
				CLANG_WARN__DUPLICATE_METHOD_MATCH = YES;
				COPY_PHASE_STRIP = NO;
				DEBUG_INFORMATION_FORMAT = "dwarf-with-dsym";
				ENABLE_NS_ASSERTIONS = NO;
				ENABLE_STRICT_OBJC_MSGSEND = YES;
				ENABLE_USER_SCRIPT_SANDBOXING = YES;
				GCC_C_LANGUAGE_STANDARD = gnu17;
				GCC_NO_COMMON_BLOCKS = YES;
				GCC_WARN_64_TO_32_BIT_CONVERSION = YES;
				GCC_WARN_ABOUT_RETURN_TYPE = YES_ERROR;
				GCC_WARN_UNDECLARED_SELECTOR = YES;
				GCC_WARN_UNINITIALIZED_AUTOS = YES_AGGRESSIVE;
				GCC_WARN_UNUSED_FUNCTION = YES;
				GCC_WARN_UNUSED_VARIABLE = YES;
				IPHONEOS_DEPLOYMENT_TARGET = 18.2;
				LOCALIZATION_PREFERS_STRING_CATALOGS = YES;
				MTL_ENABLE_DEBUG_INFO = NO;
				MTL_FAST_MATH = YES;
				SDKROOT = iphoneos;
				SWIFT_COMPILATION_MODE = wholemodule;
				VALIDATE_PRODUCT = YES;
			};
			name = Release;
		};
		869030F12DFACB13002CB692 /* Debug */ = {
			isa = XCBuildConfiguration;
			buildSettings = {
				ASSETCATALOG_COMPILER_APPICON_NAME = AppIcon;
				ASSETCATALOG_COMPILER_GLOBAL_ACCENT_COLOR_NAME = AccentColor;
				CODE_SIGN_STYLE = Automatic;
				CURRENT_PROJECT_VERSION = 1;
				DEVELOPMENT_ASSET_PATHS = "\"AR-Demo/Preview Content\"";
				DEVELOPMENT_TEAM = S3Y277889Y;
				ENABLE_PREVIEWS = YES;
				GENERATE_INFOPLIST_FILE = YES;
				INFOPLIST_KEY_NSCameraUsageDescription = "Camera needed to show AR view";
				INFOPLIST_KEY_UIApplicationSceneManifest_Generation = YES;
				INFOPLIST_KEY_UIApplicationSupportsIndirectInputEvents = YES;
				INFOPLIST_KEY_UILaunchScreen_Generation = YES;
				INFOPLIST_KEY_UISupportedInterfaceOrientations_iPad = "UIInterfaceOrientationPortrait UIInterfaceOrientationPortraitUpsideDown UIInterfaceOrientationLandscapeLeft UIInterfaceOrientationLandscapeRight";
				INFOPLIST_KEY_UISupportedInterfaceOrientations_iPhone = "UIInterfaceOrientationPortrait UIInterfaceOrientationLandscapeLeft UIInterfaceOrientationLandscapeRight";
				LD_RUNPATH_SEARCH_PATHS = (
					"$(inherited)",
					"@executable_path/Frameworks",
				);
				MARKETING_VERSION = 1.0;
				PRODUCT_BUNDLE_IDENTIFIER = "mac.AR-Demo";
				PRODUCT_NAME = "$(TARGET_NAME)";
				SUPPORTED_PLATFORMS = "iphoneos iphonesimulator";
				SUPPORTS_MACCATALYST = NO;
				SUPPORTS_MAC_DESIGNED_FOR_IPHONE_IPAD = NO;
				SUPPORTS_XR_DESIGNED_FOR_IPHONE_IPAD = NO;
				SWIFT_EMIT_LOC_STRINGS = YES;
				SWIFT_VERSION = 5.0;
				TARGETED_DEVICE_FAMILY = 1;
			};
			name = Debug;
		};
		869030F22DFACB13002CB692 /* Release */ = {
			isa = XCBuildConfiguration;
			buildSettings = {
				ASSETCATALOG_COMPILER_APPICON_NAME = AppIcon;
				ASSETCATALOG_COMPILER_GLOBAL_ACCENT_COLOR_NAME = AccentColor;
				CODE_SIGN_STYLE = Automatic;
				CURRENT_PROJECT_VERSION = 1;
				DEVELOPMENT_ASSET_PATHS = "\"AR-Demo/Preview Content\"";
				DEVELOPMENT_TEAM = S3Y277889Y;
				ENABLE_PREVIEWS = YES;
				GENERATE_INFOPLIST_FILE = YES;
				INFOPLIST_KEY_NSCameraUsageDescription = "Camera needed to show AR view";
				INFOPLIST_KEY_UIApplicationSceneManifest_Generation = YES;
				INFOPLIST_KEY_UIApplicationSupportsIndirectInputEvents = YES;
				INFOPLIST_KEY_UILaunchScreen_Generation = YES;
				INFOPLIST_KEY_UISupportedInterfaceOrientations_iPad = "UIInterfaceOrientationPortrait UIInterfaceOrientationPortraitUpsideDown UIInterfaceOrientationLandscapeLeft UIInterfaceOrientationLandscapeRight";
				INFOPLIST_KEY_UISupportedInterfaceOrientations_iPhone = "UIInterfaceOrientationPortrait UIInterfaceOrientationLandscapeLeft UIInterfaceOrientationLandscapeRight";
				LD_RUNPATH_SEARCH_PATHS = (
					"$(inherited)",
					"@executable_path/Frameworks",
				);
				MARKETING_VERSION = 1.0;
				PRODUCT_BUNDLE_IDENTIFIER = "mac.AR-Demo";
				PRODUCT_NAME = "$(TARGET_NAME)";
				SUPPORTED_PLATFORMS = "iphoneos iphonesimulator";
				SUPPORTS_MACCATALYST = NO;
				SUPPORTS_MAC_DESIGNED_FOR_IPHONE_IPAD = NO;
				SUPPORTS_XR_DESIGNED_FOR_IPHONE_IPAD = NO;
				SWIFT_EMIT_LOC_STRINGS = YES;
				SWIFT_VERSION = 5.0;
				TARGETED_DEVICE_FAMILY = 1;
			};
			name = Release;
		};
		869030F42DFACB13002CB692 /* Debug */ = {
			isa = XCBuildConfiguration;
			buildSettings = {
				BUNDLE_LOADER = "$(TEST_HOST)";
				CODE_SIGN_STYLE = Automatic;
				CURRENT_PROJECT_VERSION = 1;
				DEVELOPMENT_TEAM = S3Y277889Y;
				GENERATE_INFOPLIST_FILE = YES;
				IPHONEOS_DEPLOYMENT_TARGET = 18.2;
				MARKETING_VERSION = 1.0;
				PRODUCT_BUNDLE_IDENTIFIER = "mac.AR-DemoTests";
				PRODUCT_NAME = "$(TARGET_NAME)";
				SWIFT_EMIT_LOC_STRINGS = NO;
				SWIFT_VERSION = 5.0;
				TARGETED_DEVICE_FAMILY = "1,2";
				TEST_HOST = "$(BUILT_PRODUCTS_DIR)/AR-Demo.app/$(BUNDLE_EXECUTABLE_FOLDER_PATH)/AR-Demo";
			};
			name = Debug;
		};
		869030F52DFACB13002CB692 /* Release */ = {
			isa = XCBuildConfiguration;
			buildSettings = {
				BUNDLE_LOADER = "$(TEST_HOST)";
				CODE_SIGN_STYLE = Automatic;
				CURRENT_PROJECT_VERSION = 1;
				DEVELOPMENT_TEAM = S3Y277889Y;
				GENERATE_INFOPLIST_FILE = YES;
				IPHONEOS_DEPLOYMENT_TARGET = 18.2;
				MARKETING_VERSION = 1.0;
				PRODUCT_BUNDLE_IDENTIFIER = "mac.AR-DemoTests";
				PRODUCT_NAME = "$(TARGET_NAME)";
				SWIFT_EMIT_LOC_STRINGS = NO;
				SWIFT_VERSION = 5.0;
				TARGETED_DEVICE_FAMILY = "1,2";
				TEST_HOST = "$(BUILT_PRODUCTS_DIR)/AR-Demo.app/$(BUNDLE_EXECUTABLE_FOLDER_PATH)/AR-Demo";
			};
			name = Release;
		};
		869030F72DFACB13002CB692 /* Debug */ = {
			isa = XCBuildConfiguration;
			buildSettings = {
				CODE_SIGN_STYLE = Automatic;
				CURRENT_PROJECT_VERSION = 1;
				DEVELOPMENT_TEAM = S3Y277889Y;
				GENERATE_INFOPLIST_FILE = YES;
				MARKETING_VERSION = 1.0;
				PRODUCT_BUNDLE_IDENTIFIER = "mac.AR-DemoUITests";
				PRODUCT_NAME = "$(TARGET_NAME)";
				SWIFT_EMIT_LOC_STRINGS = NO;
				SWIFT_VERSION = 5.0;
				TARGETED_DEVICE_FAMILY = "1,2";
				TEST_TARGET_NAME = "AR-Demo";
			};
			name = Debug;
		};
		869030F82DFACB13002CB692 /* Release */ = {
			isa = XCBuildConfiguration;
			buildSettings = {
				CODE_SIGN_STYLE = Automatic;
				CURRENT_PROJECT_VERSION = 1;
				DEVELOPMENT_TEAM = S3Y277889Y;
				GENERATE_INFOPLIST_FILE = YES;
				MARKETING_VERSION = 1.0;
				PRODUCT_BUNDLE_IDENTIFIER = "mac.AR-DemoUITests";
				PRODUCT_NAME = "$(TARGET_NAME)";
				SWIFT_EMIT_LOC_STRINGS = NO;
				SWIFT_VERSION = 5.0;
				TARGETED_DEVICE_FAMILY = "1,2";
				TEST_TARGET_NAME = "AR-Demo";
			};
			name = Release;
		};
/* End XCBuildConfiguration section */

/* Begin XCConfigurationList section */
		869030C72DFACB0F002CB692 /* Build configuration list for PBXProject "AR-Demo" */ = {
			isa = XCConfigurationList;
			buildConfigurations = (
				869030EE2DFACB13002CB692 /* Debug */,
				869030EF2DFACB13002CB692 /* Release */,
			);
			defaultConfigurationIsVisible = 0;
			defaultConfigurationName = Release;
		};
		869030F02DFACB13002CB692 /* Build configuration list for PBXNativeTarget "AR-Demo" */ = {
			isa = XCConfigurationList;
			buildConfigurations = (
				869030F12DFACB13002CB692 /* Debug */,
				869030F22DFACB13002CB692 /* Release */,
			);
			defaultConfigurationIsVisible = 0;
			defaultConfigurationName = Release;
		};
		869030F32DFACB13002CB692 /* Build configuration list for PBXNativeTarget "AR-DemoTests" */ = {
			isa = XCConfigurationList;
			buildConfigurations = (
				869030F42DFACB13002CB692 /* Debug */,
				869030F52DFACB13002CB692 /* Release */,
			);
			defaultConfigurationIsVisible = 0;
			defaultConfigurationName = Release;
		};
		869030F62DFACB13002CB692 /* Build configuration list for PBXNativeTarget "AR-DemoUITests" */ = {
			isa = XCConfigurationList;
			buildConfigurations = (
				869030F72DFACB13002CB692 /* Debug */,
				869030F82DFACB13002CB692 /* Release */,
			);
			defaultConfigurationIsVisible = 0;
			defaultConfigurationName = Release;
		};
/* End XCConfigurationList section */
	};
	rootObject = 869030C42DFACB0F002CB692 /* Project object */;
}
